
Microsoft Visual Studio Solution File, Format Version 12.00
# Visual Studio Version 17
VisualStudioVersion = 17.13.35913.81
MinimumVisualStudioVersion = 10.0.40219.1
Project("{FAE04EC0-301F-11D3-BF4B-00C04F79EFBC}") = "EventServiceProvider", "EventServiceProvider\EventServiceProvider.csproj", "{34169B05-0FAC-431F-99E0-FB9D6E8E08F4}"
EndProject
Global
	GlobalSection(SolutionConfigurationPlatforms) = preSolution
		Debug|Any CPU = Debug|Any CPU
		Release|Any CPU = Release|Any CPU
	EndGlobalSection
	GlobalSection(ProjectConfigurationPlatforms) = postSolution
		{34169B05-0FAC-431F-99E0-FB9D6E8E08F4}.Debug|Any CPU.ActiveCfg = Debug|Any CPU
		{34169B05-0FAC-431F-99E0-FB9D6E8E08F4}.Debug|Any CPU.Build.0 = Debug|Any CPU
		{34169B05-0FAC-431F-99E0-FB9D6E8E08F4}.Release|Any CPU.ActiveCfg = Release|Any CPU
		{34169B05-0FAC-431F-99E0-FB9D6E8E08F4}.Release|Any CPU.Build.0 = Release|Any CPU
	EndGlobalSection
	GlobalSection(SolutionProperties) = preSolution
		HideSolutionNode = FALSE
	EndGlobalSection
	GlobalSection(ExtensibilityGlobals) = postSolution
		SolutionGuid = {8720BA3A-479B-4B3C-A586-0EBE93AD9A36}
	EndGlobalSection
EndGlobal
